{
  "name": "@imbrace/api",
  "version": "1.0.0",
  "lockfileVersion": 3,
  "requires": true,
  "packages": {
    "": {
      "name": "@imbrace/api",
      "version": "1.0.0",
      "dependencies": {
        "@imbrace/sdk": "^1.2.0",
        "hono": "^4.7.0"
      },
      "devDependencies": {
        "@types/bun": "latest",
        "typescript": "^5.7.0"
      }
    },
    "node_modules/@imbrace/sdk": {
      "version": "1.2.0",
      "resolved": "https://registry.npmjs.org/@imbrace/sdk/-/sdk-1.2.0.tgz",
      "integrity": "sha512-+sJWa4IrJXYVPfh8z3UKSpYlhOghEdOvW7vA4WYSG4Lskz5I5L/BG3yypJZVFvwTTT3wTy7uDd2LLFWYOhrX4w==",
      "license": "MIT",
      "engines": {
        "node": ">=18.0.0"
      }
    },
    "node_modules/@types/bun": {
      "version": "1.3.13",
      "resolved": "https://registry.npmjs.org/@types/bun/-/bun-1.3.13.tgz",
      "integrity": "sha512-9fqXWk5YIHGGnUau9TEi+qdlTYDAnOj+xLCmSTwXfAIqXr2x4tytJb43E9uCvt09zJURKXwAtkoH4nLQfzeTXw==",
      "dev": true,
      "license": "MIT",
      "dependencies": {
        "bun-types": "1.3.13"
      }
    },
    "node_modules/@types/node": {
      "version": "25.6.0",
      "dev": true,
      "license": "MIT",
      "dependencies": {
        "undici-types": "~7.19.0"
      }
    },
    "node_modules/bun-types": {
      "version": "1.3.13",
      "dev": true,
      "license": "MIT",
      "dependencies": {
        "@types/node": "*"
      }
    },
    "node_modules/hono": {
      "version": "4.12.15",
      "license": "MIT",
      "engines": {
        "node": ">=16.9.0"
      }
    },
    "node_modules/typescript": {
      "version": "5.9.3",
      "dev": true,
      "license": "Apache-2.0",
      "bin": {
        "tsc": "bin/tsc",
        "tsserver": "bin/tsserver"
      },
      "engines": {
        "node": ">=14.17"
      }
    },
    "node_modules/undici-types": {
      "version": "7.19.2",
      "dev": true,
      "license": "MIT"
    }
  }
}
